
Microsoft Visual Studio Solution File, Format Version 12.00
# Visual Studio Version 17
VisualStudioVersion = 17.7.34024.191
MinimumVisualStudioVersion = 10.0.40219.1
Project("{8BC9CEB8-8B4A-11D0-8D11-00A0C91BC942}") = "forPustyNaglowek", "forPustyNaglowek\forPustyNaglowek.vcxproj", "{2DCA17E8-6B4D-4F25-A7C2-27DECE9F4025}"
EndProject
Global
	GlobalSection(SolutionConfigurationPlatforms) = preSolution
		Debug|x64 = Debug|x64
		Debug|x86 = Debug|x86
		Release|x64 = Release|x64
		Release|x86 = Release|x86
	EndGlobalSection
	GlobalSection(ProjectConfigurationPlatforms) = postSolution
		{2DCA17E8-6B4D-4F25-A7C2-27DECE9F4025}.Debug|x64.ActiveCfg = Debug|x64
		{2DCA17E8-6B4D-4F25-A7C2-27DECE9F4025}.Debug|x64.Build.0 = Debug|x64
		{2DCA17E8-6B4D-4F25-A7C2-27DECE9F4025}.Debug|x86.ActiveCfg = Debug|Win32
		{2DCA17E8-6B4D-4F25-A7C2-27DECE9F4025}.Debug|x86.Build.0 = Debug|Win32
		{2DCA17E8-6B4D-4F25-A7C2-27DECE9F4025}.Release|x64.ActiveCfg = Release|x64
		{2DCA17E8-6B4D-4F25-A7C2-27DECE9F4025}.Release|x64.Build.0 = Release|x64
		{2DCA17E8-6B4D-4F25-A7C2-27DECE9F4025}.Release|x86.ActiveCfg = Release|Win32
		{2DCA17E8-6B4D-4F25-A7C2-27DECE9F4025}.Release|x86.Build.0 = Release|Win32
	EndGlobalSection
	GlobalSection(SolutionProperties) = preSolution
		HideSolutionNode = FALSE
	EndGlobalSection
	GlobalSection(ExtensibilityGlobals) = postSolution
		SolutionGuid = {74922EF0-9918-4A0D-9D3E-46A2D7E31A50}
	EndGlobalSection
EndGlobal
