
Microsoft Visual Studio Solution File, Format Version 12.00
# Visual Studio Version 17
VisualStudioVersion = 17.6.33815.320
MinimumVisualStudioVersion = 10.0.40219.1
Project("{8BC9CEB8-8B4A-11D0-8D11-00A0C91BC942}") = "FirstTask", "FirstTask\FirstTask.vcxproj", "{4B454929-CF0D-42F5-B2EB-BFA5C03FD768}"
EndProject
Global
	GlobalSection(SolutionConfigurationPlatforms) = preSolution
		Debug|x64 = Debug|x64
		Debug|x86 = Debug|x86
		Release|x64 = Release|x64
		Release|x86 = Release|x86
	EndGlobalSection
	GlobalSection(ProjectConfigurationPlatforms) = postSolution
		{4B454929-CF0D-42F5-B2EB-BFA5C03FD768}.Debug|x64.ActiveCfg = Debug|x64
		{4B454929-CF0D-42F5-B2EB-BFA5C03FD768}.Debug|x64.Build.0 = Debug|x64
		{4B454929-CF0D-42F5-B2EB-BFA5C03FD768}.Debug|x86.ActiveCfg = Debug|Win32
		{4B454929-CF0D-42F5-B2EB-BFA5C03FD768}.Debug|x86.Build.0 = Debug|Win32
		{4B454929-CF0D-42F5-B2EB-BFA5C03FD768}.Release|x64.ActiveCfg = Release|x64
		{4B454929-CF0D-42F5-B2EB-BFA5C03FD768}.Release|x64.Build.0 = Release|x64
		{4B454929-CF0D-42F5-B2EB-BFA5C03FD768}.Release|x86.ActiveCfg = Release|Win32
		{4B454929-CF0D-42F5-B2EB-BFA5C03FD768}.Release|x86.Build.0 = Release|Win32
	EndGlobalSection
	GlobalSection(SolutionProperties) = preSolution
		HideSolutionNode = FALSE
	EndGlobalSection
	GlobalSection(ExtensibilityGlobals) = postSolution
		SolutionGuid = {090D84E8-1336-48E1-8ABA-F56D605E2FF1}
	EndGlobalSection
EndGlobal
